
Microsoft Visual Studio Solution File, Format Version 12.00
# Visual Studio Version 16
VisualStudioVersion = 16.0.30907.101
MinimumVisualStudioVersion = 10.0.40219.1
Project("{9A19103F-16F7-4668-BE54-9A1E7A4F7556}") = "BookManager.API", "BookManager\BookManager.API.csproj", "{AD187136-FDFE-485A-ADCE-4C8A059B86E9}"
EndProject
Project("{9A19103F-16F7-4668-BE54-9A1E7A4F7556}") = "BookManager.Web", "BookManager.Web\BookManager.Web.csproj", "{D3A95B97-C188-44ED-B4FC-32EDA2948DEE}"
EndProject
Global
	GlobalSection(SolutionConfigurationPlatforms) = preSolution
		Debug|Any CPU = Debug|Any CPU
		Release|Any CPU = Release|Any CPU
	EndGlobalSection
	GlobalSection(ProjectConfigurationPlatforms) = postSolution
		{AD187136-FDFE-485A-ADCE-4C8A059B86E9}.Debug|Any CPU.ActiveCfg = Debug|Any CPU
		{AD187136-FDFE-485A-ADCE-4C8A059B86E9}.Debug|Any CPU.Build.0 = Debug|Any CPU
		{AD187136-FDFE-485A-ADCE-4C8A059B86E9}.Release|Any CPU.ActiveCfg = Release|Any CPU
		{AD187136-FDFE-485A-ADCE-4C8A059B86E9}.Release|Any CPU.Build.0 = Release|Any CPU
		{D3A95B97-C188-44ED-B4FC-32EDA2948DEE}.Debug|Any CPU.ActiveCfg = Debug|Any CPU
		{D3A95B97-C188-44ED-B4FC-32EDA2948DEE}.Debug|Any CPU.Build.0 = Debug|Any CPU
		{D3A95B97-C188-44ED-B4FC-32EDA2948DEE}.Release|Any CPU.ActiveCfg = Release|Any CPU
		{D3A95B97-C188-44ED-B4FC-32EDA2948DEE}.Release|Any CPU.Build.0 = Release|Any CPU
	EndGlobalSection
	GlobalSection(SolutionProperties) = preSolution
		HideSolutionNode = FALSE
	EndGlobalSection
	GlobalSection(ExtensibilityGlobals) = postSolution
		SolutionGuid = {12EEBEFF-ABE3-4138-B195-2D46215C983D}
	EndGlobalSection
EndGlobal
