
Microsoft Visual Studio Solution File, Format Version 12.00
# Visual Studio Version 16
VisualStudioVersion = 16.0.30907.101
MinimumVisualStudioVersion = 10.0.40219.1
Project("{FAE04EC0-301F-11D3-BF4B-00C04F79EFBC}") = "BookManager", "BookManager\BookManager.csproj", "{AD187136-FDFE-485A-ADCE-4C8A059B86E9}"
EndProject
Global
	GlobalSection(SolutionConfigurationPlatforms) = preSolution
		Debug|Any CPU = Debug|Any CPU
		Release|Any CPU = Release|Any CPU
	EndGlobalSection
	GlobalSection(ProjectConfigurationPlatforms) = postSolution
		{AD187136-FDFE-485A-ADCE-4C8A059B86E9}.Debug|Any CPU.ActiveCfg = Debug|Any CPU
		{AD187136-FDFE-485A-ADCE-4C8A059B86E9}.Debug|Any CPU.Build.0 = Debug|Any CPU
		{AD187136-FDFE-485A-ADCE-4C8A059B86E9}.Release|Any CPU.ActiveCfg = Release|Any CPU
		{AD187136-FDFE-485A-ADCE-4C8A059B86E9}.Release|Any CPU.Build.0 = Release|Any CPU
	EndGlobalSection
	GlobalSection(SolutionProperties) = preSolution
		HideSolutionNode = FALSE
	EndGlobalSection
	GlobalSection(ExtensibilityGlobals) = postSolution
		SolutionGuid = {12EEBEFF-ABE3-4138-B195-2D46215C983D}
	EndGlobalSection
EndGlobal
